<?xml version="1.0" encoding="utf-8"?>
<Project ToolsVersion="4.0" xmlns="http://schemas.microsoft.com/developer/msbuild/2003">
  <ItemGroup>
    <Filter Include="Arquivos de Origem">
      <UniqueIdentifier>{4FC737F1-C7A5-4376-A066-2A32D752A2FF}</UniqueIdentifier>
      <Extensions>cpp;c;cc;cxx;c++;cppm;ixx;def;odl;idl;hpj;bat;asm;asmx</Extensions>
    </Filter>
    <Filter Include="Arquivos de Cabeçalho">
      <UniqueIdentifier>{93995380-89BD-4b04-88EB-625FBE52EBFB}</UniqueIdentifier>
      <Extensions>h;hh;hpp;hxx;h++;hm;inl;inc;ipp;xsd</Extensions>
    </Filter>
    <Filter Include="Arquivos de Recurso">
      <UniqueIdentifier>{67DA6AB6-F800-4c08-8B7A-83BB121AAD01}</UniqueIdentifier>
      <Extensions>rc;ico;cur;bmp;dlg;rc2;rct;bin;rgs;gif;jpg;jpeg;jpe;resx;tiff;tif;png;wav;mfcribbon-ms</Extensions>
    </Filter>
  </ItemGroup>
  <ItemGroup>
    <ClCompile Include="Origem.c">
      <Filter>Arquivos de Origem</Filter>
    </ClCompile>
    <ClCompile Include="Fonte\Posicao.c">
      <Filter>Arquivos de Origem</Filter>
    </ClCompile>
    <ClCompile Include="Fonte\Movimento.c">
      <Filter>Arquivos de Origem</Filter>
    </ClCompile>
    <ClCompile Include="Fonte\Personagem.c">
      <Filter>Arquivos de Origem</Filter>
    </ClCompile>
    <ClCompile Include="Cabecalho\Cenario.h">
      <Filter>Arquivos de Cabeçalho</Filter>
    </ClCompile>
    <ClCompile Include="Cabecalho\Utils\Imagem.h">
      <Filter>Arquivos de Cabeçalho</Filter>
    </ClCompile>
    <ClCompile Include="Fonte\Cenario.c">
      <Filter>Arquivos de Origem</Filter>
    </ClCompile>
    <ClCompile Include="Fonte\Equipamento.c">
      <Filter>Arquivos de Origem</Filter>
    </ClCompile>
    <ClCompile Include="Fonte\Mistura.c">
      <Filter>Arquivos de Origem</Filter>
    </ClCompile>
    <ClCompile Include="Fonte\Utils\Imagem.c">
      <Filter>Arquivos de Origem</Filter>
    </ClCompile>
    <ClCompile Include="Fonte\Utils\ManipularJson.c">
      <Filter>Arquivos de Origem</Filter>
    </ClCompile>
    <ClCompile Include="libs\cJSON\cJSON.c">
      <Filter>Arquivos de Origem</Filter>
    </ClCompile>
    <ClCompile Include="Fonte\Pagina.c">
      <Filter>Arquivos de Origem</Filter>
    </ClCompile>
    <ClCompile Include="PaginaCombinacao.c">
      <Filter>Arquivos de Origem</Filter>
    </ClCompile>
    <ClCompile Include="Utilitario.c">
      <Filter>Arquivos de Origem</Filter>
    </ClCompile>
    <ClCompile Include="Fonte\Inventario.c">
      <Filter>Arquivos de Origem</Filter>
    </ClCompile>
    <ClCompile Include="Fonte\Itens.c">
      <Filter>Arquivos de Origem</Filter>
    </ClCompile>
  </ItemGroup>
  <ItemGroup>
    <Image Include="BG-0001.png">
      <Filter>Arquivos de Recurso</Filter>
    </Image>
    <Image Include="Serena_Player.png">
      <Filter>Arquivos de Recurso</Filter>
    </Image>
    <Image Include="Sprite-0001.png">
      <Filter>Arquivos de Recurso</Filter>
    </Image>
    <Image Include="Sprite-0002.png">
      <Filter>Arquivos de Recurso</Filter>
    </Image>
    <Image Include="..\..\..\..\Users\Pedro Oliveira Sousa\Desktop\orangetrees.png">
      <Filter>Arquivos de Recurso</Filter>
    </Image>
    <Image Include="Utils\Imagens\orangetrees.png">
      <Filter>Arquivos de Recurso</Filter>
    </Image>
    <Image Include="Utils\Imagens\planta.png">
      <Filter>Arquivos de Recurso</Filter>
    </Image>
    <Image Include="Utils\Imagens\treeorange.png">
      <Filter>Arquivos de Recurso</Filter>
    </Image>
    <Image Include="Mapa.png">
      <Filter>Arquivos de Recurso</Filter>
    </Image>
    <Image Include="Utils\Imagens\deepwater.png">
      <Filter>Arquivos de Recurso</Filter>
    </Image>
    <Image Include="Utils\Imagens\Arvore_1.png">
      <Filter>Arquivos de Recurso</Filter>
    </Image>
    <Image Include="Utils\Imagens\Arvore_2.png">
      <Filter>Arquivos de Recurso</Filter>
    </Image>
    <Image Include="Utils\Imagens\Arvore_Balanço.png">
      <Filter>Arquivos de Recurso</Filter>
    </Image>
    <Image Include="Utils\Imagens\Arvore_Roxa.png">
      <Filter>Arquivos de Recurso</Filter>
    </Image>
    <Image Include="Utils\Imagens\Árvore_Cortada.png">
      <Filter>Arquivos de Recurso</Filter>
    </Image>
    <Image Include="Utils\Imagens\Casa.png">
      <Filter>Arquivos de Recurso</Filter>
    </Image>
    <Image Include="Utils\Imagens\Mapa.png">
      <Filter>Arquivos de Recurso</Filter>
    </Image>
    <Image Include="Utils\Imagens\Fundo_branco.png">
      <Filter>Arquivos de Recurso</Filter>
    </Image>
    <Image Include="Utils\Imagens\Fundo_vazio.png">
      <Filter>Arquivos de Recurso</Filter>
    </Image>
  </ItemGroup>
  <ItemGroup>
    <Font Include="arial_narrow_7.ttf" />
  </ItemGroup>
  <ItemGroup>
    <None Include="packages.config" />
    <None Include="libs\cJSON\LICENSE" />
    <None Include="Utils\ItensCenario.json" />
  </ItemGroup>
  <ItemGroup>
    <ClInclude Include="Cabecalho\Posicao.h">
      <Filter>Arquivos de Cabeçalho</Filter>
    </ClInclude>
    <ClInclude Include="Cabecalho\Movimento.h">
      <Filter>Arquivos de Cabeçalho</Filter>
    </ClInclude>
    <ClInclude Include="Cabecalho\Personagem.h">
      <Filter>Arquivos de Cabeçalho</Filter>
    </ClInclude>
    <ClInclude Include="Cabecalho\CenarioItem.h">
      <Filter>Arquivos de Cabeçalho</Filter>
    </ClInclude>
    <ClInclude Include="Cabecalho\Equipamento.h">
      <Filter>Arquivos de Cabeçalho</Filter>
    </ClInclude>
    <ClInclude Include="Cabecalho\Mistura.h">
      <Filter>Arquivos de Cabeçalho</Filter>
    </ClInclude>
    <ClInclude Include="Cabecalho\Pagina.h">
      <Filter>Arquivos de Cabeçalho</Filter>
    </ClInclude>
    <ClInclude Include="Cabecalho\Utils\ManipularJson.h">
      <Filter>Arquivos de Cabeçalho</Filter>
    </ClInclude>
    <ClInclude Include="libs\cJSON\cJSON.h">
      <Filter>Arquivos de Cabeçalho</Filter>
    </ClInclude>
    <ClInclude Include="PaginaCombinacao.h">
      <Filter>Arquivos de Cabeçalho</Filter>
    </ClInclude>
    <ClInclude Include="Utilitario.h">
      <Filter>Arquivos de Cabeçalho</Filter>
    </ClInclude>
    <ClInclude Include="Cabecalho\Inventario.h">
      <Filter>Arquivos de Cabeçalho</Filter>
    </ClInclude>
    <ClInclude Include="Cabecalho\Itens.h">
      <Filter>Arquivos de Cabeçalho</Filter>
    </ClInclude>
  </ItemGroup>
</Project>